// !$*UTF8*$!
{
	archiveVersion = 1;
	classes = {
	};
	objectVersion = 46;
	objects = {

/* Begin PBXBuildFile section */
		3E0E2F9E1AB41372002B2B9A /* main.m in Sources */ = {isa = PBXBuildFile; fileRef = 3E0E2F9D1AB41372002B2B9A /* main.m */; };
		3E0E2FA11AB41372002B2B9A /* AppDelegate.m in Sources */ = {isa = PBXBuildFile; fileRef = 3E0E2FA01AB41372002B2B9A /* AppDelegate.m */; };
		3E0E2FA41AB41372002B2B9A /* ViewController.m in Sources */ = {isa = PBXBuildFile; fileRef = 3E0E2FA31AB41372002B2B9A /* ViewController.m */; };
		3E0E2FA71AB41372002B2B9A /* Main.storyboard in Resources */ = {isa = PBXBuildFile; fileRef = 3E0E2FA51AB41372002B2B9A /* Main.storyboard */; };
		3E0E2FA91AB41372002B2B9A /* Images.xcassets in Resources */ = {isa = PBXBuildFile; fileRef = 3E0E2FA81AB41372002B2B9A /* Images.xcassets */; };
		3E0E2FAC1AB41372002B2B9A /* LaunchScreen.xib in Resources */ = {isa = PBXBuildFile; fileRef = 3E0E2FAA1AB41372002B2B9A /* LaunchScreen.xib */; };
		3E0E2FB81AB41372002B2B9A /* SrollTestTests.m in Sources */ = {isa = PBXBuildFile; fileRef = 3E0E2FB71AB41372002B2B9A /* SrollTestTests.m */; };
		3E0E2FC21AB4148B002B2B9A /* IMG_0232.JPG in Resources */ = {isa = PBXBuildFile; fileRef = 3E0E2FC11AB4148B002B2B9A /* IMG_0232.JPG */; };
/* End PBXBuildFile section */

/* Begin PBXContainerItemProxy section */
		3E0E2FB21AB41372002B2B9A /* PBXContainerItemProxy */ = {
			isa = PBXContainerItemProxy;
			containerPortal = 3E0E2F901AB41372002B2B9A /* Project object */;
			proxyType = 1;
			remoteGlobalIDString = 3E0E2F971AB41372002B2B9A;
			remoteInfo = SrollTest;
		};
/* End PBXContainerItemProxy section */

/* Begin PBXFileReference section */
		3E0E2F981AB41372002B2B9A /* SrollTest.app */ = {isa = PBXFileReference; explicitFileType = wrapper.application; includeInIndex = 0; path = SrollTest.app; sourceTree = BUILT_PRODUCTS_DIR; };
		3E0E2F9C1AB41372002B2B9A /* Info.plist */ = {isa = PBXFileReference; lastKnownFileType = text.plist.xml; path = Info.plist; sourceTree = "<group>"; };
		3E0E2F9D1AB41372002B2B9A /* main.m */ = {isa = PBXFileReference; lastKnownFileType = sourcecode.c.objc; path = main.m; sourceTree = "<group>"; };
		3E0E2F9F1AB41372002B2B9A /* AppDelegate.h */ = {isa = PBXFileReference; lastKnownFileType = sourcecode.c.h; path = AppDelegate.h; sourceTree = "<group>"; };
		3E0E2FA01AB41372002B2B9A /* AppDelegate.m */ = {isa = PBXFileReference; lastKnownFileType = sourcecode.c.objc; path = AppDelegate.m; sourceTree = "<group>"; };
		3E0E2FA21AB41372002B2B9A /* ViewController.h */ = {isa = PBXFileReference; lastKnownFileType = sourcecode.c.h; path = ViewController.h; sourceTree = "<group>"; };
		3E0E2FA31AB41372002B2B9A /* ViewController.m */ = {isa = PBXFileReference; lastKnownFileType = sourcecode.c.objc; path = ViewController.m; sourceTree = "<group>"; };
		3E0E2FA61AB41372002B2B9A /* Base */ = {isa = PBXFileReference; lastKnownFileType = file.storyboard; name = Base; path = Base.lproj/Main.storyboard; sourceTree = "<group>"; };
		3E0E2FA81AB41372002B2B9A /* Images.xcassets */ = {isa = PBXFileReference; lastKnownFileType = folder.assetcatalog; path = Images.xcassets; sourceTree = "<group>"; };
		3E0E2FAB1AB41372002B2B9A /* Base */ = {isa = PBXFileReference; lastKnownFileType = file.xib; name = Base; path = Base.lproj/LaunchScreen.xib; sourceTree = "<group>"; };
		3E0E2FB11AB41372002B2B9A /* SrollTestTests.xctest */ = {isa = PBXFileReference; explicitFileType = wrapper.cfbundle; includeInIndex = 0; path = SrollTestTests.xctest; sourceTree = BUILT_PRODUCTS_DIR; };
		3E0E2FB61AB41372002B2B9A /* Info.plist */ = {isa = PBXFileReference; lastKnownFileType = text.plist.xml; path = Info.plist; sourceTree = "<group>"; };
		3E0E2FB71AB41372002B2B9A /* SrollTestTests.m */ = {isa = PBXFileReference; lastKnownFileType = sourcecode.c.objc; path = SrollTestTests.m; sourceTree = "<group>"; };
		3E0E2FC11AB4148B002B2B9A /* IMG_0232.JPG */ = {isa = PBXFileReference; lastKnownFileType = image.jpeg; path = IMG_0232.JPG; sourceTree = "<group>"; };
/* End PBXFileReference section */

/* Begin PBXFrameworksBuildPhase section */
		3E0E2F951AB41372002B2B9A /* Frameworks */ = {
			isa = PBXFrameworksBuildPhase;
			buildActionMask = 2147483647;
			files = (
			);
			runOnlyForDeploymentPostprocessing = 0;
		};
		3E0E2FAE1AB41372002B2B9A /* Frameworks */ = {
			isa = PBXFrameworksBuildPhase;
			buildActionMask = 2147483647;
			files = (
			);
			runOnlyForDeploymentPostprocessing = 0;
		};
/* End PBXFrameworksBuildPhase section */

/* Begin PBXGroup section */
		3E0E2F8F1AB41372002B2B9A = {
			isa = PBXGroup;
			children = (
				3E0E2F9A1AB41372002B2B9A /* SrollTest */,
				3E0E2FB41AB41372002B2B9A /* SrollTestTests */,
				3E0E2F991AB41372002B2B9A /* Products */,
			);
			sourceTree = "<group>";
		};
		3E0E2F991AB41372002B2B9A /* Products */ = {
			isa = PBXGroup;
			children = (
				3E0E2F981AB41372002B2B9A /* SrollTest.app */,
				3E0E2FB11AB41372002B2B9A /* SrollTestTests.xctest */,
			);
			name = Products;
			sourceTree = "<group>";
		};
		3E0E2F9A1AB41372002B2B9A /* SrollTest */ = {
			isa = PBXGroup;
			children = (
				3E0E2F9F1AB41372002B2B9A /* AppDelegate.h */,
				3E0E2FA01AB41372002B2B9A /* AppDelegate.m */,
				3E0E2FA21AB41372002B2B9A /* ViewController.h */,
				3E0E2FA31AB41372002B2B9A /* ViewController.m */,
				3E0E2FA51AB41372002B2B9A /* Main.storyboard */,
				3E0E2FA81AB41372002B2B9A /* Images.xcassets */,
				3E0E2FC11AB4148B002B2B9A /* IMG_0232.JPG */,
				3E0E2FAA1AB41372002B2B9A /* LaunchScreen.xib */,
				3E0E2F9B1AB41372002B2B9A /* Supporting Files */,
			);
			path = SrollTest;
			sourceTree = "<group>";
		};
		3E0E2F9B1AB41372002B2B9A /* Supporting Files */ = {
			isa = PBXGroup;
			children = (
				3E0E2F9C1AB41372002B2B9A /* Info.plist */,
				3E0E2F9D1AB41372002B2B9A /* main.m */,
			);
			name = "Supporting Files";
			sourceTree = "<group>";
		};
		3E0E2FB41AB41372002B2B9A /* SrollTestTests */ = {
			isa = PBXGroup;
			children = (
				3E0E2FB71AB41372002B2B9A /* SrollTestTests.m */,
				3E0E2FB51AB41372002B2B9A /* Supporting Files */,
			);
			path = SrollTestTests;
			sourceTree = "<group>";
		};
		3E0E2FB51AB41372002B2B9A /* Supporting Files */ = {
			isa = PBXGroup;
			children = (
				3E0E2FB61AB41372002B2B9A /* Info.plist */,
			);
			name = "Supporting Files";
			sourceTree = "<group>";
		};
/* End PBXGroup section */

/* Begin PBXNativeTarget section */
		3E0E2F971AB41372002B2B9A /* SrollTest */ = {
			isa = PBXNativeTarget;
			buildConfigurationList = 3E0E2FBB1AB41372002B2B9A /* Build configuration list for PBXNativeTarget "SrollTest" */;
			buildPhases = (
				3E0E2F941AB41372002B2B9A /* Sources */,
				3E0E2F951AB41372002B2B9A /* Frameworks */,
				3E0E2F961AB41372002B2B9A /* Resources */,
			);
			buildRules = (
			);
			dependencies = (
			);
			name = SrollTest;
			productName = SrollTest;
			productReference = 3E0E2F981AB41372002B2B9A /* SrollTest.app */;
			productType = "com.apple.product-type.application";
		};
		3E0E2FB01AB41372002B2B9A /* SrollTestTests */ = {
			isa = PBXNativeTarget;
			buildConfigurationList = 3E0E2FBE1AB41372002B2B9A /* Build configuration list for PBXNativeTarget "SrollTestTests" */;
			buildPhases = (
				3E0E2FAD1AB41372002B2B9A /* Sources */,
				3E0E2FAE1AB41372002B2B9A /* Frameworks */,
				3E0E2FAF1AB41372002B2B9A /* Resources */,
			);
			buildRules = (
			);
			dependencies = (
				3E0E2FB31AB41372002B2B9A /* PBXTargetDependency */,
			);
			name = SrollTestTests;
			productName = SrollTestTests;
			productReference = 3E0E2FB11AB41372002B2B9A /* SrollTestTests.xctest */;
			productType = "com.apple.product-type.bundle.unit-test";
		};
/* End PBXNativeTarget section */

/* Begin PBXProject section */
		3E0E2F901AB41372002B2B9A /* Project object */ = {
			isa = PBXProject;
			attributes = {
				LastUpgradeCheck = 0610;
				ORGANIZATIONNAME = "関戸優紀";
				TargetAttributes = {
					3E0E2F971AB41372002B2B9A = {
						CreatedOnToolsVersion = 6.1.1;
					};
					3E0E2FB01AB41372002B2B9A = {
						CreatedOnToolsVersion = 6.1.1;
						TestTargetID = 3E0E2F971AB41372002B2B9A;
					};
				};
			};
			buildConfigurationList = 3E0E2F931AB41372002B2B9A /* Build configuration list for PBXProject "SrollTest" */;
			compatibilityVersion = "Xcode 3.2";
			developmentRegion = English;
			hasScannedForEncodings = 0;
			knownRegions = (
				en,
				Base,
			);
			mainGroup = 3E0E2F8F1AB41372002B2B9A;
			productRefGroup = 3E0E2F991AB41372002B2B9A /* Products */;
			projectDirPath = "";
			projectRoot = "";
			targets = (
				3E0E2F971AB41372002B2B9A /* SrollTest */,
				3E0E2FB01AB41372002B2B9A /* SrollTestTests */,
			);
		};
/* End PBXProject section */

/* Begin PBXResourcesBuildPhase section */
		3E0E2F961AB41372002B2B9A /* Resources */ = {
			isa = PBXResourcesBuildPhase;
			buildActionMask = 2147483647;
			files = (
				3E0E2FA71AB41372002B2B9A /* Main.storyboard in Resources */,
				3E0E2FAC1AB41372002B2B9A /* LaunchScreen.xib in Resources */,
				3E0E2FC21AB4148B002B2B9A /* IMG_0232.JPG in Resources */,
				3E0E2FA91AB41372002B2B9A /* Images.xcassets in Resources */,
			);
			runOnlyForDeploymentPostprocessing = 0;
		};
		3E0E2FAF1AB41372002B2B9A /* Resources */ = {
			isa = PBXResourcesBuildPhase;
			buildActionMask = 2147483647;
			files = (
			);
			runOnlyForDeploymentPostprocessing = 0;
		};
/* End PBXResourcesBuildPhase section */

/* Begin PBXSourcesBuildPhase section */
		3E0E2F941AB41372002B2B9A /* Sources */ = {
			isa = PBXSourcesBuildPhase;
			buildActionMask = 2147483647;
			files = (
				3E0E2FA41AB41372002B2B9A /* ViewController.m in Sources */,
				3E0E2FA11AB41372002B2B9A /* AppDelegate.m in Sources */,
				3E0E2F9E1AB41372002B2B9A /* main.m in Sources */,
			);
			runOnlyForDeploymentPostprocessing = 0;
		};
		3E0E2FAD1AB41372002B2B9A /* Sources */ = {
			isa = PBXSourcesBuildPhase;
			buildActionMask = 2147483647;
			files = (
				3E0E2FB81AB41372002B2B9A /* SrollTestTests.m in Sources */,
			);
			runOnlyForDeploymentPostprocessing = 0;
		};
/* End PBXSourcesBuildPhase section */

/* Begin PBXTargetDependency section */
		3E0E2FB31AB41372002B2B9A /* PBXTargetDependency */ = {
			isa = PBXTargetDependency;
			target = 3E0E2F971AB41372002B2B9A /* SrollTest */;
			targetProxy = 3E0E2FB21AB41372002B2B9A /* PBXContainerItemProxy */;
		};
/* End PBXTargetDependency section */

/* Begin PBXVariantGroup section */
		3E0E2FA51AB41372002B2B9A /* Main.storyboard */ = {
			isa = PBXVariantGroup;
			children = (
				3E0E2FA61AB41372002B2B9A /* Base */,
			);
			name = Main.storyboard;
			sourceTree = "<group>";
		};
		3E0E2FAA1AB41372002B2B9A /* LaunchScreen.xib */ = {
			isa = PBXVariantGroup;
			children = (
				3E0E2FAB1AB41372002B2B9A /* Base */,
			);
			name = LaunchScreen.xib;
			sourceTree = "<group>";
		};
/* End PBXVariantGroup section */

/* Begin XCBuildConfiguration section */
		3E0E2FB91AB41372002B2B9A /* Debug */ = {
			isa = XCBuildConfiguration;
			buildSettings = {
				ALWAYS_SEARCH_USER_PATHS = NO;
				CLANG_CXX_LANGUAGE_STANDARD = "gnu++0x";
				CLANG_CXX_LIBRARY = "libc++";
				CLANG_ENABLE_MODULES = YES;
				CLANG_ENABLE_OBJC_ARC = YES;
				CLANG_WARN_BOOL_CONVERSION = YES;
				CLANG_WARN_CONSTANT_CONVERSION = YES;
				CLANG_WARN_DIRECT_OBJC_ISA_USAGE = YES_ERROR;
				CLANG_WARN_EMPTY_BODY = YES;
				CLANG_WARN_ENUM_CONVERSION = YES;
				CLANG_WARN_INT_CONVERSION = YES;
				CLANG_WARN_OBJC_ROOT_CLASS = YES_ERROR;
				CLANG_WARN_UNREACHABLE_CODE = YES;
				CLANG_WARN__DUPLICATE_METHOD_MATCH = YES;
				"CODE_SIGN_IDENTITY[sdk=iphoneos*]" = "iPhone Developer";
				COPY_PHASE_STRIP = NO;
				ENABLE_STRICT_OBJC_MSGSEND = YES;
				GCC_C_LANGUAGE_STANDARD = gnu99;
				GCC_DYNAMIC_NO_PIC = NO;
				GCC_OPTIMIZATION_LEVEL = 0;
				GCC_PREPROCESSOR_DEFINITIONS = (
					"DEBUG=1",
					"$(inherited)",
				);
				GCC_SYMBOLS_PRIVATE_EXTERN = NO;
				GCC_WARN_64_TO_32_BIT_CONVERSION = YES;
				GCC_WARN_ABOUT_RETURN_TYPE = YES_ERROR;
				GCC_WARN_UNDECLARED_SELECTOR = YES;
				GCC_WARN_UNINITIALIZED_AUTOS = YES_AGGRESSIVE;
				GCC_WARN_UNUSED_FUNCTION = YES;
				GCC_WARN_UNUSED_VARIABLE = YES;
				IPHONEOS_DEPLOYMENT_TARGET = 8.1;
				MTL_ENABLE_DEBUG_INFO = YES;
				ONLY_ACTIVE_ARCH = YES;
				SDKROOT = iphoneos;
			};
			name = Debug;
		};
		3E0E2FBA1AB41372002B2B9A /* Release */ = {
			isa = XCBuildConfiguration;
			buildSettings = {
				ALWAYS_SEARCH_USER_PATHS = NO;
				CLANG_CXX_LANGUAGE_STANDARD = "gnu++0x";
				CLANG_CXX_LIBRARY = "libc++";
				CLANG_ENABLE_MODULES = YES;
				CLANG_ENABLE_OBJC_ARC = YES;
				CLANG_WARN_BOOL_CONVERSION = YES;
				CLANG_WARN_CONSTANT_CONVERSION = YES;
				CLANG_WARN_DIRECT_OBJC_ISA_USAGE = YES_ERROR;
				CLANG_WARN_EMPTY_BODY = YES;
				CLANG_WARN_ENUM_CONVERSION = YES;
				CLANG_WARN_INT_CONVERSION = YES;
				CLANG_WARN_OBJC_ROOT_CLASS = YES_ERROR;
				CLANG_WARN_UNREACHABLE_CODE = YES;
				CLANG_WARN__DUPLICATE_METHOD_MATCH = YES;
				"CODE_SIGN_IDENTITY[sdk=iphoneos*]" = "iPhone Developer";
				COPY_PHASE_STRIP = YES;
				ENABLE_NS_ASSERTIONS = NO;
				ENABLE_STRICT_OBJC_MSGSEND = YES;
				GCC_C_LANGUAGE_STANDARD = gnu99;
				GCC_WARN_64_TO_32_BIT_CONVERSION = YES;
				GCC_WARN_ABOUT_RETURN_TYPE = YES_ERROR;
				GCC_WARN_UNDECLARED_SELECTOR = YES;
				GCC_WARN_UNINITIALIZED_AUTOS = YES_AGGRESSIVE;
				GCC_WARN_UNUSED_FUNCTION = YES;
				GCC_WARN_UNUSED_VARIABLE = YES;
				IPHONEOS_DEPLOYMENT_TARGET = 8.1;
				MTL_ENABLE_DEBUG_INFO = NO;
				SDKROOT = iphoneos;
				VALIDATE_PRODUCT = YES;
			};
			name = Release;
		};
		3E0E2FBC1AB41372002B2B9A /* Debug */ = {
			isa = XCBuildConfiguration;
			buildSettings = {
				ASSETCATALOG_COMPILER_APPICON_NAME = AppIcon;
				INFOPLIST_FILE = SrollTest/Info.plist;
				LD_RUNPATH_SEARCH_PATHS = "$(inherited) @executable_path/Frameworks";
				PRODUCT_NAME = "$(TARGET_NAME)";
			};
			name = Debug;
		};
		3E0E2FBD1AB41372002B2B9A /* Release */ = {
			isa = XCBuildConfiguration;
			buildSettings = {
				ASSETCATALOG_COMPILER_APPICON_NAME = AppIcon;
				INFOPLIST_FILE = SrollTest/Info.plist;
				LD_RUNPATH_SEARCH_PATHS = "$(inherited) @executable_path/Frameworks";
				PRODUCT_NAME = "$(TARGET_NAME)";
			};
			name = Release;
		};
		3E0E2FBF1AB41372002B2B9A /* Debug */ = {
			isa = XCBuildConfiguration;
			buildSettings = {
				BUNDLE_LOADER = "$(TEST_HOST)";
				FRAMEWORK_SEARCH_PATHS = (
					"$(SDKROOT)/Developer/Library/Frameworks",
					"$(inherited)",
				);
				GCC_PREPROCESSOR_DEFINITIONS = (
					"DEBUG=1",
					"$(inherited)",
				);
				INFOPLIST_FILE = SrollTestTests/Info.plist;
				LD_RUNPATH_SEARCH_PATHS = "$(inherited) @executable_path/Frameworks @loader_path/Frameworks";
				PRODUCT_NAME = "$(TARGET_NAME)";
				TEST_HOST = "$(BUILT_PRODUCTS_DIR)/SrollTest.app/SrollTest";
			};
			name = Debug;
		};
		3E0E2FC01AB41372002B2B9A /* Release */ = {
			isa = XCBuildConfiguration;
			buildSettings = {
				BUNDLE_LOADER = "$(TEST_HOST)";
				FRAMEWORK_SEARCH_PATHS = (
					"$(SDKROOT)/Developer/Library/Frameworks",
					"$(inherited)",
				);
				INFOPLIST_FILE = SrollTestTests/Info.plist;
				LD_RUNPATH_SEARCH_PATHS = "$(inherited) @executable_path/Frameworks @loader_path/Frameworks";
				PRODUCT_NAME = "$(TARGET_NAME)";
				TEST_HOST = "$(BUILT_PRODUCTS_DIR)/SrollTest.app/SrollTest";
			};
			name = Release;
		};
/* End XCBuildConfiguration section */

/* Begin XCConfigurationList section */
		3E0E2F931AB41372002B2B9A /* Build configuration list for PBXProject "SrollTest" */ = {
			isa = XCConfigurationList;
			buildConfigurations = (
				3E0E2FB91AB41372002B2B9A /* Debug */,
				3E0E2FBA1AB41372002B2B9A /* Release */,
			);
			defaultConfigurationIsVisible = 0;
			defaultConfigurationName = Release;
		};
		3E0E2FBB1AB41372002B2B9A /* Build configuration list for PBXNativeTarget "SrollTest" */ = {
			isa = XCConfigurationList;
			buildConfigurations = (
				3E0E2FBC1AB41372002B2B9A /* Debug */,
				3E0E2FBD1AB41372002B2B9A /* Release */,
			);
			defaultConfigurationIsVisible = 0;
		};
		3E0E2FBE1AB41372002B2B9A /* Build configuration list for PBXNativeTarget "SrollTestTests" */ = {
			isa = XCConfigurationList;
			buildConfigurations = (
				3E0E2FBF1AB41372002B2B9A /* Debug */,
				3E0E2FC01AB41372002B2B9A /* Release */,
			);
			defaultConfigurationIsVisible = 0;
		};
/* End XCConfigurationList section */
	};
	rootObject = 3E0E2F901AB41372002B2B9A /* Project object */;
}
